schema: '2.0'
stages:
  data:
    cmd: python src/prepare_data.py
    deps:
    - path: src/prepare_data.py
      hash: md5
      md5: 02cb8f8e9376e3171ab4750fb9d9e57e
      size: 682
    outs:
    - path: data/features.csv
      hash: md5
      md5: a0c78d18060878506434fbee1252d845
      size: 9892
  train_randomforest:
    cmd: python src/train_randomforest.py
    deps:
    - path: data/features.csv
      hash: md5
      md5: a0c78d18060878506434fbee1252d845
      size: 9892
    - path: src/train_randomforest.py
      hash: md5
      md5: 127c2a6a85ffe8b50907953405e521a6
      size: 1859
  train_logreg:
    cmd: python src/train_logreg.py
    deps:
    - path: data/features.csv
      hash: md5
      md5: a0c78d18060878506434fbee1252d845
      size: 9892
  evaluate:
    cmd: python src/evaluate_models.py
    deps:
    - path: models/model_logreg.pkl
      hash: md5
      md5: 4eb612dd9be031fe65b32e68d10b993b
      size: 1285
    - path: models/model_randomforest.pkl
      hash: md5
      md5: 49136809b135a183ce0dc43e94fb13f7
      size: 405513
